
Microsoft Visual Studio Solution File, Format Version 12.00
# Visual Studio Version 17
VisualStudioVersion = 17.13.35913.81 d17.13
MinimumVisualStudioVersion = 10.0.40219.1
Project("{FAE04EC0-301F-11D3-BF4B-00C04F79EFBC}") = "DiceRoller", "DiceRoller\DiceRoller.csproj", "{CA3CD96D-9D17-4523-A0BD-600CB676C646}"
EndProject
Global
	GlobalSection(SolutionConfigurationPlatforms) = preSolution
		Debug|Any CPU = Debug|Any CPU
		Release|Any CPU = Release|Any CPU
	EndGlobalSection
	GlobalSection(ProjectConfigurationPlatforms) = postSolution
		{CA3CD96D-9D17-4523-A0BD-600CB676C646}.Debug|Any CPU.ActiveCfg = Debug|Any CPU
		{CA3CD96D-9D17-4523-A0BD-600CB676C646}.Debug|Any CPU.Build.0 = Debug|Any CPU
		{CA3CD96D-9D17-4523-A0BD-600CB676C646}.Debug|Any CPU.Deploy.0 = Debug|Any CPU
		{CA3CD96D-9D17-4523-A0BD-600CB676C646}.Release|Any CPU.ActiveCfg = Release|Any CPU
		{CA3CD96D-9D17-4523-A0BD-600CB676C646}.Release|Any CPU.Build.0 = Release|Any CPU
		{CA3CD96D-9D17-4523-A0BD-600CB676C646}.Release|Any CPU.Deploy.0 = Release|Any CPU
	EndGlobalSection
	GlobalSection(SolutionProperties) = preSolution
		HideSolutionNode = FALSE
	EndGlobalSection
	GlobalSection(ExtensibilityGlobals) = postSolution
		SolutionGuid = {321A6352-D4CC-426F-BE15-64F281141096}
	EndGlobalSection
EndGlobal
